
Microsoft Visual Studio Solution File, Format Version 12.00
# Visual Studio Version 16
VisualStudioVersion = 16.0.29806.167
MinimumVisualStudioVersion = 10.0.40219.1
Project("{FAE04EC0-301F-11D3-BF4B-00C04F79EFBC}") = "Egorozh.ColorPicker.WPF", "Egorozh.ColorPicker.WPF\Egorozh.ColorPicker.WPF.csproj", "{299478F0-9647-47FC-89F1-C1CBD25BB66E}"
EndProject
Project("{FAE04EC0-301F-11D3-BF4B-00C04F79EFBC}") = "Egorozh.ColorPicker.WPF.Dialog", "Egorozh.ColorPicker.WPF.Dialog\Egorozh.ColorPicker.WPF.Dialog.csproj", "{768748DD-C16B-4E50-9FA2-F49EE869B82B}"
EndProject
Project("{FAE04EC0-301F-11D3-BF4B-00C04F79EFBC}") = "Egorozh.ColorPicker.WPF.Client", "Egorozh.ColorPicker.WPF.Client\Egorozh.ColorPicker.WPF.Client.csproj", "{91B6DBBF-0722-4AB9-A4C9-0F9BC7C84E3E}"
EndProject
Project("{2150E333-8FDC-42A3-9474-1A3956D46DE8}") = "Source", "Source", "{60A897F8-7F30-4BC4-AD71-FF8C529B204A}"
EndProject
Global
	GlobalSection(SolutionConfigurationPlatforms) = preSolution
		Debug|Any CPU = Debug|Any CPU
		Release|Any CPU = Release|Any CPU
	EndGlobalSection
	GlobalSection(ProjectConfigurationPlatforms) = postSolution
		{299478F0-9647-47FC-89F1-C1CBD25BB66E}.Debug|Any CPU.ActiveCfg = Debug|Any CPU
		{299478F0-9647-47FC-89F1-C1CBD25BB66E}.Debug|Any CPU.Build.0 = Debug|Any CPU
		{299478F0-9647-47FC-89F1-C1CBD25BB66E}.Release|Any CPU.ActiveCfg = Release|Any CPU
		{299478F0-9647-47FC-89F1-C1CBD25BB66E}.Release|Any CPU.Build.0 = Release|Any CPU
		{768748DD-C16B-4E50-9FA2-F49EE869B82B}.Debug|Any CPU.ActiveCfg = Debug|Any CPU
		{768748DD-C16B-4E50-9FA2-F49EE869B82B}.Debug|Any CPU.Build.0 = Debug|Any CPU
		{768748DD-C16B-4E50-9FA2-F49EE869B82B}.Release|Any CPU.ActiveCfg = Release|Any CPU
		{768748DD-C16B-4E50-9FA2-F49EE869B82B}.Release|Any CPU.Build.0 = Release|Any CPU
		{91B6DBBF-0722-4AB9-A4C9-0F9BC7C84E3E}.Debug|Any CPU.ActiveCfg = Debug|Any CPU
		{91B6DBBF-0722-4AB9-A4C9-0F9BC7C84E3E}.Debug|Any CPU.Build.0 = Debug|Any CPU
		{91B6DBBF-0722-4AB9-A4C9-0F9BC7C84E3E}.Release|Any CPU.ActiveCfg = Release|Any CPU
		{91B6DBBF-0722-4AB9-A4C9-0F9BC7C84E3E}.Release|Any CPU.Build.0 = Release|Any CPU
	EndGlobalSection
	GlobalSection(SolutionProperties) = preSolution
		HideSolutionNode = FALSE
	EndGlobalSection
	GlobalSection(ExtensibilityGlobals) = postSolution
		SolutionGuid = {BD0851EE-BE76-4C8F-92FF-C4639D787424}
	EndGlobalSection
EndGlobal
