
Microsoft Visual Studio Solution File, Format Version 12.00
# Visual Studio Version 16
VisualStudioVersion = 16.0.29806.167
MinimumVisualStudioVersion = 10.0.40219.1
Project("{9A19103F-16F7-4668-BE54-9A1E7A4F7556}") = "Egorozh.ColorPicker.WPF", "WPF\Egorozh.ColorPicker.WPF\Egorozh.ColorPicker.WPF.csproj", "{299478F0-9647-47FC-89F1-C1CBD25BB66E}"
EndProject
Project("{9A19103F-16F7-4668-BE54-9A1E7A4F7556}") = "Egorozh.ColorPicker.WPF.Dialog", "WPF\Egorozh.ColorPicker.WPF.Dialog\Egorozh.ColorPicker.WPF.Dialog.csproj", "{768748DD-C16B-4E50-9FA2-F49EE869B82B}"
EndProject
Project("{9A19103F-16F7-4668-BE54-9A1E7A4F7556}") = "Egorozh.ColorPicker.WPF.Client", "WPF\Egorozh.ColorPicker.WPF.Client\Egorozh.ColorPicker.WPF.Client.csproj", "{91B6DBBF-0722-4AB9-A4C9-0F9BC7C84E3E}"
EndProject
Project("{2150E333-8FDC-42A3-9474-1A3956D46DE8}") = "Core", "Core", "{0400CE3F-5E95-4257-89E4-DD733A13A2CA}"
EndProject
Project("{9A19103F-16F7-4668-BE54-9A1E7A4F7556}") = "Egorozh.ColorPicker.Core", "Core\Egorozh.ColorPicker.Core\Egorozh.ColorPicker.Core.csproj", "{79234F0A-046A-4E9A-A290-FE2447B82AA7}"
EndProject
Project("{2150E333-8FDC-42A3-9474-1A3956D46DE8}") = "AvaloniaUI", "AvaloniaUI", "{CE8B8882-8A9F-47A0-8BDC-4676FBBDEDB0}"
EndProject
Project("{9A19103F-16F7-4668-BE54-9A1E7A4F7556}") = "Egorozh.ColorPicker.Avalonia.Client", "AvaloniaUI\Egorozh.ColorPicker.Avalonia.Client\Egorozh.ColorPicker.Avalonia.Client.csproj", "{F4EB56CA-9202-4CF0-BA20-B0032EC909AC}"
EndProject
Project("{9A19103F-16F7-4668-BE54-9A1E7A4F7556}") = "Egorozh.ColorPicker.Avalonia.Dialog", "AvaloniaUI\Egorozh.ColorPicker.Avalonia.Dialog\Egorozh.ColorPicker.Avalonia.Dialog.csproj", "{C254B2F5-5A97-4749-9D9E-45298465BCB0}"
EndProject
Project("{2150E333-8FDC-42A3-9474-1A3956D46DE8}") = "WPF", "WPF", "{092DB559-5F24-43EE-A399-53100AA1C9B6}"
EndProject
Project("{9A19103F-16F7-4668-BE54-9A1E7A4F7556}") = "Egorozh.ColorPicker.Avalonia", "AvaloniaUI\Egorozh.ColorPicker.Avalonia\Egorozh.ColorPicker.Avalonia.csproj", "{130118DF-1E4B-4701-9447-2C09C232114B}"
EndProject
Project("{2150E333-8FDC-42A3-9474-1A3956D46DE8}") = "Samples", "Samples", "{E8A2D4C1-A57E-44F7-83A5-1F09A84697DA}"
EndProject
Global
	GlobalSection(SolutionConfigurationPlatforms) = preSolution
		Debug|Any CPU = Debug|Any CPU
		Release|Any CPU = Release|Any CPU
	EndGlobalSection
	GlobalSection(ProjectConfigurationPlatforms) = postSolution
		{299478F0-9647-47FC-89F1-C1CBD25BB66E}.Debug|Any CPU.ActiveCfg = Debug|Any CPU
		{299478F0-9647-47FC-89F1-C1CBD25BB66E}.Debug|Any CPU.Build.0 = Debug|Any CPU
		{299478F0-9647-47FC-89F1-C1CBD25BB66E}.Release|Any CPU.ActiveCfg = Release|Any CPU
		{299478F0-9647-47FC-89F1-C1CBD25BB66E}.Release|Any CPU.Build.0 = Release|Any CPU
		{768748DD-C16B-4E50-9FA2-F49EE869B82B}.Debug|Any CPU.ActiveCfg = Debug|Any CPU
		{768748DD-C16B-4E50-9FA2-F49EE869B82B}.Debug|Any CPU.Build.0 = Debug|Any CPU
		{768748DD-C16B-4E50-9FA2-F49EE869B82B}.Release|Any CPU.ActiveCfg = Release|Any CPU
		{768748DD-C16B-4E50-9FA2-F49EE869B82B}.Release|Any CPU.Build.0 = Release|Any CPU
		{91B6DBBF-0722-4AB9-A4C9-0F9BC7C84E3E}.Debug|Any CPU.ActiveCfg = Debug|Any CPU
		{91B6DBBF-0722-4AB9-A4C9-0F9BC7C84E3E}.Debug|Any CPU.Build.0 = Debug|Any CPU
		{91B6DBBF-0722-4AB9-A4C9-0F9BC7C84E3E}.Release|Any CPU.ActiveCfg = Release|Any CPU
		{91B6DBBF-0722-4AB9-A4C9-0F9BC7C84E3E}.Release|Any CPU.Build.0 = Release|Any CPU
		{79234F0A-046A-4E9A-A290-FE2447B82AA7}.Debug|Any CPU.ActiveCfg = Debug|Any CPU
		{79234F0A-046A-4E9A-A290-FE2447B82AA7}.Debug|Any CPU.Build.0 = Debug|Any CPU
		{79234F0A-046A-4E9A-A290-FE2447B82AA7}.Release|Any CPU.ActiveCfg = Release|Any CPU
		{79234F0A-046A-4E9A-A290-FE2447B82AA7}.Release|Any CPU.Build.0 = Release|Any CPU
		{F4EB56CA-9202-4CF0-BA20-B0032EC909AC}.Debug|Any CPU.ActiveCfg = Debug|Any CPU
		{F4EB56CA-9202-4CF0-BA20-B0032EC909AC}.Debug|Any CPU.Build.0 = Debug|Any CPU
		{F4EB56CA-9202-4CF0-BA20-B0032EC909AC}.Release|Any CPU.ActiveCfg = Release|Any CPU
		{F4EB56CA-9202-4CF0-BA20-B0032EC909AC}.Release|Any CPU.Build.0 = Release|Any CPU
		{C254B2F5-5A97-4749-9D9E-45298465BCB0}.Debug|Any CPU.ActiveCfg = Debug|Any CPU
		{C254B2F5-5A97-4749-9D9E-45298465BCB0}.Debug|Any CPU.Build.0 = Debug|Any CPU
		{C254B2F5-5A97-4749-9D9E-45298465BCB0}.Release|Any CPU.ActiveCfg = Release|Any CPU
		{C254B2F5-5A97-4749-9D9E-45298465BCB0}.Release|Any CPU.Build.0 = Release|Any CPU
		{130118DF-1E4B-4701-9447-2C09C232114B}.Debug|Any CPU.ActiveCfg = Debug|Any CPU
		{130118DF-1E4B-4701-9447-2C09C232114B}.Debug|Any CPU.Build.0 = Debug|Any CPU
		{130118DF-1E4B-4701-9447-2C09C232114B}.Release|Any CPU.ActiveCfg = Release|Any CPU
		{130118DF-1E4B-4701-9447-2C09C232114B}.Release|Any CPU.Build.0 = Release|Any CPU
	EndGlobalSection
	GlobalSection(SolutionProperties) = preSolution
		HideSolutionNode = FALSE
	EndGlobalSection
	GlobalSection(NestedProjects) = preSolution
		{299478F0-9647-47FC-89F1-C1CBD25BB66E} = {092DB559-5F24-43EE-A399-53100AA1C9B6}
		{768748DD-C16B-4E50-9FA2-F49EE869B82B} = {092DB559-5F24-43EE-A399-53100AA1C9B6}
		{91B6DBBF-0722-4AB9-A4C9-0F9BC7C84E3E} = {E8A2D4C1-A57E-44F7-83A5-1F09A84697DA}
		{79234F0A-046A-4E9A-A290-FE2447B82AA7} = {0400CE3F-5E95-4257-89E4-DD733A13A2CA}
		{F4EB56CA-9202-4CF0-BA20-B0032EC909AC} = {E8A2D4C1-A57E-44F7-83A5-1F09A84697DA}
		{C254B2F5-5A97-4749-9D9E-45298465BCB0} = {CE8B8882-8A9F-47A0-8BDC-4676FBBDEDB0}
		{130118DF-1E4B-4701-9447-2C09C232114B} = {CE8B8882-8A9F-47A0-8BDC-4676FBBDEDB0}
	EndGlobalSection
	GlobalSection(ExtensibilityGlobals) = postSolution
		SolutionGuid = {BD0851EE-BE76-4C8F-92FF-C4639D787424}
	EndGlobalSection
EndGlobal
